
Microsoft Visual Studio Solution File, Format Version 12.00
# Visual Studio Version 17
VisualStudioVersion = 17.11.35312.102
MinimumVisualStudioVersion = 10.0.40219.1
Project("{FAE04EC0-301F-11D3-BF4B-00C04F79EFBC}") = "ExceptionHandlingExperiment", "ExceptionHandlingExperiment\ExceptionHandlingExperiment.csproj", "{DC6F911A-97EC-4B02-94C5-FB34964F6EAD}"
EndProject
Global
	GlobalSection(SolutionConfigurationPlatforms) = preSolution
		Debug|Any CPU = Debug|Any CPU
		Release|Any CPU = Release|Any CPU
	EndGlobalSection
	GlobalSection(ProjectConfigurationPlatforms) = postSolution
		{DC6F911A-97EC-4B02-94C5-FB34964F6EAD}.Debug|Any CPU.ActiveCfg = Debug|Any CPU
		{DC6F911A-97EC-4B02-94C5-FB34964F6EAD}.Debug|Any CPU.Build.0 = Debug|Any CPU
		{DC6F911A-97EC-4B02-94C5-FB34964F6EAD}.Release|Any CPU.ActiveCfg = Release|Any CPU
		{DC6F911A-97EC-4B02-94C5-FB34964F6EAD}.Release|Any CPU.Build.0 = Release|Any CPU
	EndGlobalSection
	GlobalSection(SolutionProperties) = preSolution
		HideSolutionNode = FALSE
	EndGlobalSection
	GlobalSection(ExtensibilityGlobals) = postSolution
		SolutionGuid = {4207EAF5-DD70-490C-8384-A0541745B4D0}
	EndGlobalSection
EndGlobal
