
Microsoft Visual Studio Solution File, Format Version 12.00
# Visual Studio Version 17
VisualStudioVersion = 17.11.35312.102
MinimumVisualStudioVersion = 10.0.40219.1
Project("{FAE04EC0-301F-11D3-BF4B-00C04F79EFBC}") = "StressTestAppEnum(Task3)", "StressTestAppEnum(Task3)\StressTestAppEnum(Task3).csproj", "{02CDD7D4-A67D-47BF-8BBD-2F96D9187A53}"
EndProject
Global
	GlobalSection(SolutionConfigurationPlatforms) = preSolution
		Debug|Any CPU = Debug|Any CPU
		Release|Any CPU = Release|Any CPU
	EndGlobalSection
	GlobalSection(ProjectConfigurationPlatforms) = postSolution
		{02CDD7D4-A67D-47BF-8BBD-2F96D9187A53}.Debug|Any CPU.ActiveCfg = Debug|Any CPU
		{02CDD7D4-A67D-47BF-8BBD-2F96D9187A53}.Debug|Any CPU.Build.0 = Debug|Any CPU
		{02CDD7D4-A67D-47BF-8BBD-2F96D9187A53}.Release|Any CPU.ActiveCfg = Release|Any CPU
		{02CDD7D4-A67D-47BF-8BBD-2F96D9187A53}.Release|Any CPU.Build.0 = Release|Any CPU
	EndGlobalSection
	GlobalSection(SolutionProperties) = preSolution
		HideSolutionNode = FALSE
	EndGlobalSection
	GlobalSection(ExtensibilityGlobals) = postSolution
		SolutionGuid = {8C7F90C8-18D1-47EB-A6AE-AC7BDE77F034}
	EndGlobalSection
EndGlobal
